
Microsoft Visual Studio Solution File, Format Version 12.00
# Visual Studio 15
VisualStudioVersion = 15.0.27004.2009
MinimumVisualStudioVersion = 10.0.40219.1
Project("{9A19103F-16F7-4668-BE54-9A1E7A4F7556}") = "Asp2017", "Asp2017.csproj", "{19629C4B-6498-479D-B169-7D542BCB8E63}"
EndProject
Global
	GlobalSection(SolutionConfigurationPlatforms) = preSolution
		Debug|Any CPU = Debug|Any CPU
		Release|Any CPU = Release|Any CPU
	EndGlobalSection
	GlobalSection(ProjectConfigurationPlatforms) = postSolution
		{19629C4B-6498-479D-B169-7D542BCB8E63}.Debug|Any CPU.ActiveCfg = Debug|Any CPU
		{19629C4B-6498-479D-B169-7D542BCB8E63}.Debug|Any CPU.Build.0 = Debug|Any CPU
		{19629C4B-6498-479D-B169-7D542BCB8E63}.Release|Any CPU.ActiveCfg = Release|Any CPU
		{19629C4B-6498-479D-B169-7D542BCB8E63}.Release|Any CPU.Build.0 = Release|Any CPU
	EndGlobalSection
	GlobalSection(SolutionProperties) = preSolution
		HideSolutionNode = FALSE
	EndGlobalSection
	GlobalSection(ExtensibilityGlobals) = postSolution
		SolutionGuid = {A49DF044-4DA4-4F7B-8C3B-242933ACF3C2}
	EndGlobalSection
EndGlobal
